
Microsoft Visual Studio Solution File, Format Version 12.00
# Visual Studio Version 17
VisualStudioVersion = 17.10.34916.146
MinimumVisualStudioVersion = 10.0.40219.1
Project("{FAE04EC0-301F-11D3-BF4B-00C04F79EFBC}") = "DesignPattern", "DesignPattern\DesignPattern.csproj", "{1F4CC742-C446-4367-A4F2-12A9AFE8471F}"
EndProject
Global
	GlobalSection(SolutionConfigurationPlatforms) = preSolution
		Debug|Any CPU = Debug|Any CPU
		Release|Any CPU = Release|Any CPU
	EndGlobalSection
	GlobalSection(ProjectConfigurationPlatforms) = postSolution
		{1F4CC742-C446-4367-A4F2-12A9AFE8471F}.Debug|Any CPU.ActiveCfg = Debug|Any CPU
		{1F4CC742-C446-4367-A4F2-12A9AFE8471F}.Debug|Any CPU.Build.0 = Debug|Any CPU
		{1F4CC742-C446-4367-A4F2-12A9AFE8471F}.Release|Any CPU.ActiveCfg = Release|Any CPU
		{1F4CC742-C446-4367-A4F2-12A9AFE8471F}.Release|Any CPU.Build.0 = Release|Any CPU
	EndGlobalSection
	GlobalSection(SolutionProperties) = preSolution
		HideSolutionNode = FALSE
	EndGlobalSection
	GlobalSection(ExtensibilityGlobals) = postSolution
		SolutionGuid = {6628902A-E17C-4B0B-8BCF-CD0308F6212F}
	EndGlobalSection
EndGlobal
